
Microsoft Visual Studio Solution File, Format Version 12.00
# Visual Studio 14
VisualStudioVersion = 14.0.25420.1
MinimumVisualStudioVersion = 10.0.40219.1
Project("{2150E333-8FDC-42A3-9474-1A3956D46DE8}") = "Lib", "Lib", "{860127E4-0C0A-4C59-9D06-B916F560D1A7}"
	ProjectSection(SolutionItems) = preProject
		Lib\CommonDomain.Core.dll = Lib\CommonDomain.Core.dll
		Lib\CommonDomain.dll = Lib\CommonDomain.dll
		Lib\CommonDomain.Persistence.dll = Lib\CommonDomain.Persistence.dll
	EndProjectSection
EndProject
Project("{FAE04EC0-301F-11D3-BF4B-00C04F79EFBC}") = "EventStore.RavenDb", "EventStore.RavenDb\EventStore.RavenDb.csproj", "{41FAD92A-DAFB-4F34-9E24-1DEC55DFB453}"
EndProject
Global
	GlobalSection(SolutionConfigurationPlatforms) = preSolution
		Debug|Any CPU = Debug|Any CPU
		Release|Any CPU = Release|Any CPU
	EndGlobalSection
	GlobalSection(ProjectConfigurationPlatforms) = postSolution
		{41FAD92A-DAFB-4F34-9E24-1DEC55DFB453}.Debug|Any CPU.ActiveCfg = Debug|Any CPU
		{41FAD92A-DAFB-4F34-9E24-1DEC55DFB453}.Debug|Any CPU.Build.0 = Debug|Any CPU
		{41FAD92A-DAFB-4F34-9E24-1DEC55DFB453}.Release|Any CPU.ActiveCfg = Release|Any CPU
		{41FAD92A-DAFB-4F34-9E24-1DEC55DFB453}.Release|Any CPU.Build.0 = Release|Any CPU
	EndGlobalSection
	GlobalSection(SolutionProperties) = preSolution
		HideSolutionNode = FALSE
	EndGlobalSection
	GlobalSection(ExtensibilityGlobals) = postSolution
		VisualSVNWorkingCopyRoot = .
	EndGlobalSection
EndGlobal
